# This file is automatically @generated by Cargo.
# It is not intended for manual editing.
version = 4

[[package]]
name = "fastrand"
version = "2.5.0"
source = "registry+https://github.com/rust-lang/crates.io-index"
checksum = "da7c62ceae207dd37ea5b845da6a0696c799f85e97da1ab5b7910be3c1c80223"

[[package]]
name = "structured-zstd"
version = "0.0.58"
source = "registry+https://github.com/rust-lang/crates.io-index"
checksum = "a19112515370199811e7e499f32b633b93a2525ea2cf6f7aa3b1e758d65fd932"
dependencies = [
 "fastrand",
 "twox-hash",
]

[[package]]
name = "twox-hash"
version = "2.1.4"
source = "registry+https://github.com/rust-lang/crates.io-index"
checksum = "5283634e518fe9e82c7b20520bb4bc209009fd16c82077c802f8111ecbb0117a"

[[package]]
name = "zstdprobe"
version = "0.1.0"
dependencies = [
 "structured-zstd",
]
